// !$*UTF8*$!
{
	archiveVersion = 1;
	classes = {
	};
	objectVersion = 46;
	objects = {

/* Begin PBXBuildFile section */
		80280CB91E4C8FC300ECB058 /* main.m in Sources */ = {isa = PBXBuildFile; fileRef = 80280CB81E4C8FC300ECB058 /* main.m */; };
		80280CBC1E4C8FC300ECB058 /* AppDelegate.m in Sources */ = {isa = PBXBuildFile; fileRef = 80280CBB1E4C8FC300ECB058 /* AppDelegate.m */; };
		80280CBF1E4C8FC400ECB058 /* ViewController.m in Sources */ = {isa = PBXBuildFile; fileRef = 80280CBE1E4C8FC400ECB058 /* ViewController.m */; };
		80280CC21E4C8FC400ECB058 /* Main.storyboard in Resources */ = {isa = PBXBuildFile; fileRef = 80280CC01E4C8FC400ECB058 /* Main.storyboard */; };
		80280CC41E4C8FC400ECB058 /* Assets.xcassets in Resources */ = {isa = PBXBuildFile; fileRef = 80280CC31E4C8FC400ECB058 /* Assets.xcassets */; };
		80280CC71E4C8FC400ECB058 /* LaunchScreen.storyboard in Resources */ = {isa = PBXBuildFile; fileRef = 80280CC51E4C8FC400ECB058 /* LaunchScreen.storyboard */; };
/* End PBXBuildFile section */

/* Begin PBXFileReference section */
		80280CB41E4C8FC300ECB058 /* beekeeper_vol2.app */ = {isa = PBXFileReference; explicitFileType = wrapper.application; includeInIndex = 0; path = beekeeper_vol2.app; sourceTree = BUILT_PRODUCTS_DIR; };
		80280CB81E4C8FC300ECB058 /* main.m */ = {isa = PBXFileReference; lastKnownFileType = sourcecode.c.objc; path = main.m; sourceTree = "<group>"; };
		80280CBA1E4C8FC300ECB058 /* AppDelegate.h */ = {isa = PBXFileReference; lastKnownFileType = sourcecode.c.h; path = AppDelegate.h; sourceTree = "<group>"; };
		80280CBB1E4C8FC300ECB058 /* AppDelegate.m */ = {isa = PBXFileReference; lastKnownFileType = sourcecode.c.objc; path = AppDelegate.m; sourceTree = "<group>"; };
		80280CBD1E4C8FC300ECB058 /* ViewController.h */ = {isa = PBXFileReference; lastKnownFileType = sourcecode.c.h; path = ViewController.h; sourceTree = "<group>"; };
		80280CBE1E4C8FC400ECB058 /* ViewController.m */ = {isa = PBXFileReference; lastKnownFileType = sourcecode.c.objc; path = ViewController.m; sourceTree = "<group>"; };
		80280CC11E4C8FC400ECB058 /* Base */ = {isa = PBXFileReference; lastKnownFileType = file.storyboard; name = Base; path = Base.lproj/Main.storyboard; sourceTree = "<group>"; };
		80280CC31E4C8FC400ECB058 /* Assets.xcassets */ = {isa = PBXFileReference; lastKnownFileType = folder.assetcatalog; path = Assets.xcassets; sourceTree = "<group>"; };
		80280CC61E4C8FC400ECB058 /* Base */ = {isa = PBXFileReference; lastKnownFileType = file.storyboard; name = Base; path = Base.lproj/LaunchScreen.storyboard; sourceTree = "<group>"; };
		80280CC81E4C8FC400ECB058 /* Info.plist */ = {isa = PBXFileReference; lastKnownFileType = text.plist.xml; path = Info.plist; sourceTree = "<group>"; };
/* End PBXFileReference section */

/* Begin PBXFrameworksBuildPhase section */
		80280CB11E4C8FC300ECB058 /* Frameworks */ = {
			isa = PBXFrameworksBuildPhase;
			buildActionMask = 2147483647;
			files = (
			);
			runOnlyForDeploymentPostprocessing = 0;
		};
/* End PBXFrameworksBuildPhase section */

/* Begin PBXGroup section */
		80280CAB1E4C8FC300ECB058 = {
			isa = PBXGroup;
			children = (
				80280CB61E4C8FC300ECB058 /* beekeeper_vol2 */,
				80280CB51E4C8FC300ECB058 /* Products */,
			);
			sourceTree = "<group>";
		};
		80280CB51E4C8FC300ECB058 /* Products */ = {
			isa = PBXGroup;
			children = (
				80280CB41E4C8FC300ECB058 /* beekeeper_vol2.app */,
			);
			name = Products;
			sourceTree = "<group>";
		};
		80280CB61E4C8FC300ECB058 /* beekeeper_vol2 */ = {
			isa = PBXGroup;
			children = (
				80280CBA1E4C8FC300ECB058 /* AppDelegate.h */,
				80280CBB1E4C8FC300ECB058 /* AppDelegate.m */,
				80280CBD1E4C8FC300ECB058 /* ViewController.h */,
				80280CBE1E4C8FC400ECB058 /* ViewController.m */,
				80280CC01E4C8FC400ECB058 /* Main.storyboard */,
				80280CC31E4C8FC400ECB058 /* Assets.xcassets */,
				80280CC51E4C8FC400ECB058 /* LaunchScreen.storyboard */,
				80280CC81E4C8FC400ECB058 /* Info.plist */,
				80280CB71E4C8FC300ECB058 /* Supporting Files */,
			);
			path = beekeeper_vol2;
			sourceTree = "<group>";
		};
		80280CB71E4C8FC300ECB058 /* Supporting Files */ = {
			isa = PBXGroup;
			children = (
				80280CB81E4C8FC300ECB058 /* main.m */,
			);
			name = "Supporting Files";
			sourceTree = "<group>";
		};
/* End PBXGroup section */

/* Begin PBXNativeTarget section */
		80280CB31E4C8FC300ECB058 /* beekeeper_vol2 */ = {
			isa = PBXNativeTarget;
			buildConfigurationList = 80280CCB1E4C8FC400ECB058 /* Build configuration list for PBXNativeTarget "beekeeper_vol2" */;
			buildPhases = (
				80280CB01E4C8FC300ECB058 /* Sources */,
				80280CB11E4C8FC300ECB058 /* Frameworks */,
				80280CB21E4C8FC300ECB058 /* Resources */,
			);
			buildRules = (
			);
			dependencies = (
			);
			name = beekeeper_vol2;
			productName = beekeeper_vol2;
			productReference = 80280CB41E4C8FC300ECB058 /* beekeeper_vol2.app */;
			productType = "com.apple.product-type.application";
		};
/* End PBXNativeTarget section */

/* Begin PBXProject section */
		80280CAC1E4C8FC300ECB058 /* Project object */ = {
			isa = PBXProject;
			attributes = {
				LastUpgradeCheck = 0820;
				ORGANIZATIONNAME = "Lukáš Fečke";
				TargetAttributes = {
					80280CB31E4C8FC300ECB058 = {
						CreatedOnToolsVersion = 8.2;
						DevelopmentTeam = 4KNA62BDYE;
						ProvisioningStyle = Automatic;
					};
				};
			};
			buildConfigurationList = 80280CAF1E4C8FC300ECB058 /* Build configuration list for PBXProject "beekeeper_vol2" */;
			compatibilityVersion = "Xcode 3.2";
			developmentRegion = English;
			hasScannedForEncodings = 0;
			knownRegions = (
				en,
				Base,
			);
			mainGroup = 80280CAB1E4C8FC300ECB058;
			productRefGroup = 80280CB51E4C8FC300ECB058 /* Products */;
			projectDirPath = "";
			projectRoot = "";
			targets = (
				80280CB31E4C8FC300ECB058 /* beekeeper_vol2 */,
			);
		};
/* End PBXProject section */

/* Begin PBXResourcesBuildPhase section */
		80280CB21E4C8FC300ECB058 /* Resources */ = {
			isa = PBXResourcesBuildPhase;
			buildActionMask = 2147483647;
			files = (
				80280CC71E4C8FC400ECB058 /* LaunchScreen.storyboard in Resources */,
				80280CC41E4C8FC400ECB058 /* Assets.xcassets in Resources */,
				80280CC21E4C8FC400ECB058 /* Main.storyboard in Resources */,
			);
			runOnlyForDeploymentPostprocessing = 0;
		};
/* End PBXResourcesBuildPhase section */

/* Begin PBXSourcesBuildPhase section */
		80280CB01E4C8FC300ECB058 /* Sources */ = {
			isa = PBXSourcesBuildPhase;
			buildActionMask = 2147483647;
			files = (
				80280CBF1E4C8FC400ECB058 /* ViewController.m in Sources */,
				80280CBC1E4C8FC300ECB058 /* AppDelegate.m in Sources */,
				80280CB91E4C8FC300ECB058 /* main.m in Sources */,
			);
			runOnlyForDeploymentPostprocessing = 0;
		};
/* End PBXSourcesBuildPhase section */

/* Begin PBXVariantGroup section */
		80280CC01E4C8FC400ECB058 /* Main.storyboard */ = {
			isa = PBXVariantGroup;
			children = (
				80280CC11E4C8FC400ECB058 /* Base */,
			);
			name = Main.storyboard;
			sourceTree = "<group>";
		};
		80280CC51E4C8FC400ECB058 /* LaunchScreen.storyboard */ = {
			isa = PBXVariantGroup;
			children = (
				80280CC61E4C8FC400ECB058 /* Base */,
			);
			name = LaunchScreen.storyboard;
			sourceTree = "<group>";
		};
/* End PBXVariantGroup section */

/* Begin XCBuildConfiguration section */
		80280CC91E4C8FC400ECB058 /* Debug */ = {
			isa = XCBuildConfiguration;
			buildSettings = {
				ALWAYS_SEARCH_USER_PATHS = NO;
				CLANG_ANALYZER_NONNULL = YES;
				CLANG_CXX_LANGUAGE_STANDARD = "gnu++0x";
				CLANG_CXX_LIBRARY = "libc++";
				CLANG_ENABLE_MODULES = YES;
				CLANG_ENABLE_OBJC_ARC = YES;
				CLANG_WARN_BOOL_CONVERSION = YES;
				CLANG_WARN_CONSTANT_CONVERSION = YES;
				CLANG_WARN_DIRECT_OBJC_ISA_USAGE = YES_ERROR;
				CLANG_WARN_DOCUMENTATION_COMMENTS = YES;
				CLANG_WARN_EMPTY_BODY = YES;
				CLANG_WARN_ENUM_CONVERSION = YES;
				CLANG_WARN_INFINITE_RECURSION = YES;
				CLANG_WARN_INT_CONVERSION = YES;
				CLANG_WARN_OBJC_ROOT_CLASS = YES_ERROR;
				CLANG_WARN_SUSPICIOUS_MOVE = YES;
				CLANG_WARN_UNREACHABLE_CODE = YES;
				CLANG_WARN__DUPLICATE_METHOD_MATCH = YES;
				"CODE_SIGN_IDENTITY[sdk=iphoneos*]" = "iPhone Developer";
				COPY_PHASE_STRIP = NO;
				DEBUG_INFORMATION_FORMAT = dwarf;
				ENABLE_STRICT_OBJC_MSGSEND = YES;
				ENABLE_TESTABILITY = YES;
				GCC_C_LANGUAGE_STANDARD = gnu99;
				GCC_DYNAMIC_NO_PIC = NO;
				GCC_NO_COMMON_BLOCKS = YES;
				GCC_OPTIMIZATION_LEVEL = 0;
				GCC_PREPROCESSOR_DEFINITIONS = (
					"DEBUG=1",
					"$(inherited)",
				);
				GCC_WARN_64_TO_32_BIT_CONVERSION = YES;
				GCC_WARN_ABOUT_RETURN_TYPE = YES_ERROR;
				GCC_WARN_UNDECLARED_SELECTOR = YES;
				GCC_WARN_UNINITIALIZED_AUTOS = YES_AGGRESSIVE;
				GCC_WARN_UNUSED_FUNCTION = YES;
				GCC_WARN_UNUSED_VARIABLE = YES;
				IPHONEOS_DEPLOYMENT_TARGET = 10.2;
				MTL_ENABLE_DEBUG_INFO = YES;
				ONLY_ACTIVE_ARCH = YES;
				SDKROOT = iphoneos;
				TARGETED_DEVICE_FAMILY = "1,2";
			};
			name = Debug;
		};
		80280CCA1E4C8FC400ECB058 /* Release */ = {
			isa = XCBuildConfiguration;
			buildSettings = {
				ALWAYS_SEARCH_USER_PATHS = NO;
				CLANG_ANALYZER_NONNULL = YES;
				CLANG_CXX_LANGUAGE_STANDARD = "gnu++0x";
				CLANG_CXX_LIBRARY = "libc++";
				CLANG_ENABLE_MODULES = YES;
				CLANG_ENABLE_OBJC_ARC = YES;
				CLANG_WARN_BOOL_CONVERSION = YES;
				CLANG_WARN_CONSTANT_CONVERSION = YES;
				CLANG_WARN_DIRECT_OBJC_ISA_USAGE = YES_ERROR;
				CLANG_WARN_DOCUMENTATION_COMMENTS = YES;
				CLANG_WARN_EMPTY_BODY = YES;
				CLANG_WARN_ENUM_CONVERSION = YES;
				CLANG_WARN_INFINITE_RECURSION = YES;
				CLANG_WARN_INT_CONVERSION = YES;
				CLANG_WARN_OBJC_ROOT_CLASS = YES_ERROR;
				CLANG_WARN_SUSPICIOUS_MOVE = YES;
				CLANG_WARN_UNREACHABLE_CODE = YES;
				CLANG_WARN__DUPLICATE_METHOD_MATCH = YES;
				"CODE_SIGN_IDENTITY[sdk=iphoneos*]" = "iPhone Developer";
				COPY_PHASE_STRIP = NO;
				DEBUG_INFORMATION_FORMAT = "dwarf-with-dsym";
				ENABLE_NS_ASSERTIONS = NO;
				ENABLE_STRICT_OBJC_MSGSEND = YES;
				GCC_C_LANGUAGE_STANDARD = gnu99;
				GCC_NO_COMMON_BLOCKS = YES;
				GCC_WARN_64_TO_32_BIT_CONVERSION = YES;
				GCC_WARN_ABOUT_RETURN_TYPE = YES_ERROR;
				GCC_WARN_UNDECLARED_SELECTOR = YES;
				GCC_WARN_UNINITIALIZED_AUTOS = YES_AGGRESSIVE;
				GCC_WARN_UNUSED_FUNCTION = YES;
				GCC_WARN_UNUSED_VARIABLE = YES;
				IPHONEOS_DEPLOYMENT_TARGET = 10.2;
				MTL_ENABLE_DEBUG_INFO = NO;
				SDKROOT = iphoneos;
				TARGETED_DEVICE_FAMILY = "1,2";
				VALIDATE_PRODUCT = YES;
			};
			name = Release;
		};
		80280CCC1E4C8FC400ECB058 /* Debug */ = {
			isa = XCBuildConfiguration;
			buildSettings = {
				ASSETCATALOG_COMPILER_APPICON_NAME = AppIcon;
				DEVELOPMENT_TEAM = 4KNA62BDYE;
				INFOPLIST_FILE = beekeeper_vol2/Info.plist;
				LD_RUNPATH_SEARCH_PATHS = "$(inherited) @executable_path/Frameworks";
				PRODUCT_BUNDLE_IDENTIFIER = "com.swallowco.beekeeper.tech-intw2.beekeeper-vol2";
				PRODUCT_NAME = "$(TARGET_NAME)";
			};
			name = Debug;
		};
		80280CCD1E4C8FC400ECB058 /* Release */ = {
			isa = XCBuildConfiguration;
			buildSettings = {
				ASSETCATALOG_COMPILER_APPICON_NAME = AppIcon;
				DEVELOPMENT_TEAM = 4KNA62BDYE;
				INFOPLIST_FILE = beekeeper_vol2/Info.plist;
				LD_RUNPATH_SEARCH_PATHS = "$(inherited) @executable_path/Frameworks";
				PRODUCT_BUNDLE_IDENTIFIER = "com.swallowco.beekeeper.tech-intw2.beekeeper-vol2";
				PRODUCT_NAME = "$(TARGET_NAME)";
			};
			name = Release;
		};
/* End XCBuildConfiguration section */

/* Begin XCConfigurationList section */
		80280CAF1E4C8FC300ECB058 /* Build configuration list for PBXProject "beekeeper_vol2" */ = {
			isa = XCConfigurationList;
			buildConfigurations = (
				80280CC91E4C8FC400ECB058 /* Debug */,
				80280CCA1E4C8FC400ECB058 /* Release */,
			);
			defaultConfigurationIsVisible = 0;
			defaultConfigurationName = Release;
		};
		80280CCB1E4C8FC400ECB058 /* Build configuration list for PBXNativeTarget "beekeeper_vol2" */ = {
			isa = XCConfigurationList;
			buildConfigurations = (
				80280CCC1E4C8FC400ECB058 /* Debug */,
				80280CCD1E4C8FC400ECB058 /* Release */,
			);
			defaultConfigurationIsVisible = 0;
		};
/* End XCConfigurationList section */
	};
	rootObject = 80280CAC1E4C8FC300ECB058 /* Project object */;
}
